
Microsoft Visual Studio Solution File, Format Version 12.00
# Visual Studio Version 17
VisualStudioVersion = 17.5.33502.453
MinimumVisualStudioVersion = 10.0.40219.1
Project("{FAE04EC0-301F-11D3-BF4B-00C04F79EFBC}") = "StudentManagement", "StudentManagement\StudentManagement.csproj", "{1A89AB72-A321-4A12-B3BE-A96246EA8312}"
EndProject
Global
	GlobalSection(SolutionConfigurationPlatforms) = preSolution
		Debug|Any CPU = Debug|Any CPU
		Release|Any CPU = Release|Any CPU
	EndGlobalSection
	GlobalSection(ProjectConfigurationPlatforms) = postSolution
		{1A89AB72-A321-4A12-B3BE-A96246EA8312}.Debug|Any CPU.ActiveCfg = Debug|Any CPU
		{1A89AB72-A321-4A12-B3BE-A96246EA8312}.Debug|Any CPU.Build.0 = Debug|Any CPU
		{1A89AB72-A321-4A12-B3BE-A96246EA8312}.Release|Any CPU.ActiveCfg = Release|Any CPU
		{1A89AB72-A321-4A12-B3BE-A96246EA8312}.Release|Any CPU.Build.0 = Release|Any CPU
	EndGlobalSection
	GlobalSection(SolutionProperties) = preSolution
		HideSolutionNode = FALSE
	EndGlobalSection
	GlobalSection(ExtensibilityGlobals) = postSolution
		SolutionGuid = {FF767444-B16B-43B0-BE11-CF6E1CFCE7C1}
	EndGlobalSection
EndGlobal
