
Microsoft Visual Studio Solution File, Format Version 12.00
# Visual Studio Version 17
VisualStudioVersion = 17.5.33502.453
MinimumVisualStudioVersion = 10.0.40219.1
Project("{FAE04EC0-301F-11D3-BF4B-00C04F79EFBC}") = "StudentManagement", "StudentManagement\StudentManagement.csproj", "{A1470FD3-337B-4E00-BA87-F51755C614C3}"
EndProject
Global
	GlobalSection(SolutionConfigurationPlatforms) = preSolution
		Debug|Any CPU = Debug|Any CPU
		Release|Any CPU = Release|Any CPU
	EndGlobalSection
	GlobalSection(ProjectConfigurationPlatforms) = postSolution
		{A1470FD3-337B-4E00-BA87-F51755C614C3}.Debug|Any CPU.ActiveCfg = Debug|Any CPU
		{A1470FD3-337B-4E00-BA87-F51755C614C3}.Debug|Any CPU.Build.0 = Debug|Any CPU
		{A1470FD3-337B-4E00-BA87-F51755C614C3}.Release|Any CPU.ActiveCfg = Release|Any CPU
		{A1470FD3-337B-4E00-BA87-F51755C614C3}.Release|Any CPU.Build.0 = Release|Any CPU
	EndGlobalSection
	GlobalSection(SolutionProperties) = preSolution
		HideSolutionNode = FALSE
	EndGlobalSection
	GlobalSection(ExtensibilityGlobals) = postSolution
		SolutionGuid = {C1EF568D-C08E-427E-BBA2-3AE3C57DA490}
	EndGlobalSection
EndGlobal
